
Microsoft Visual Studio Solution File, Format Version 12.00
# Visual Studio Version 17
VisualStudioVersion = 17.10.34916.146
MinimumVisualStudioVersion = 10.0.40219.1
Project("{2150E333-8FDC-42A3-9474-1A3956D46DE8}") = "src", "src", "{F17F6754-8DC8-4E56-8453-72E251F62B92}"
EndProject
Project("{2150E333-8FDC-42A3-9474-1A3956D46DE8}") = "Backend", "Backend", "{86FDF83D-F9F2-4D22-AB79-0BB9E6E823F6}"
EndProject
Project("{2150E333-8FDC-42A3-9474-1A3956D46DE8}") = "Frontend", "Frontend", "{027BB8B8-61BE-409C-AC57-ECDD30D44A2B}"
	ProjectSection(SolutionItems) = preProject
		IndexExample.html = IndexExample.html
	EndProjectSection
EndProject
Project("{2150E333-8FDC-42A3-9474-1A3956D46DE8}") = "Common", "Common", "{314E1258-1EDA-42DD-9567-CD749F6A4322}"
EndProject
Project("{2150E333-8FDC-42A3-9474-1A3956D46DE8}") = "Infraestructure", "Infraestructure", "{73C2235D-59E5-4997-BE7C-2123D4980660}"
EndProject
Project("{2150E333-8FDC-42A3-9474-1A3956D46DE8}") = "Modules", "Modules", "{AB576FDD-7D3D-422E-BB87-4F0567624A4B}"
EndProject
Project("{2150E333-8FDC-42A3-9474-1A3956D46DE8}") = "Asiento Management", "Asiento Management", "{78179BE8-3082-415A-BBAD-7B8C88D8C326}"
EndProject
Project("{2150E333-8FDC-42A3-9474-1A3956D46DE8}") = "Bus Management", "Bus Management", "{38F76B82-3538-4094-A330-6600FFD4E46B}"
EndProject
Project("{2150E333-8FDC-42A3-9474-1A3956D46DE8}") = "Cliente Management", "Cliente Management", "{5CBFF383-0340-4179-8A18-F90CB9287F14}"
EndProject
Project("{2150E333-8FDC-42A3-9474-1A3956D46DE8}") = "Apis", "Apis", "{2B70D694-A9A3-4950-833A-49628C6320C9}"
EndProject
Project("{2150E333-8FDC-42A3-9474-1A3956D46DE8}") = "Application", "Application", "{8B9FE101-29A2-4D2B-BF8A-7ED72639DCD7}"
EndProject
Project("{2150E333-8FDC-42A3-9474-1A3956D46DE8}") = "Domain", "Domain", "{E6EFB162-E152-4BE2-A761-A4EE35824308}"
EndProject
Project("{2150E333-8FDC-42A3-9474-1A3956D46DE8}") = "Persistence", "Persistence", "{2BDA7923-823D-46E3-85ED-6D793BB18A9F}"
EndProject
Project("{2150E333-8FDC-42A3-9474-1A3956D46DE8}") = "Apis", "Apis", "{4300EDC4-0671-464E-8CB4-94AA017F8331}"
EndProject
Project("{2150E333-8FDC-42A3-9474-1A3956D46DE8}") = "Application", "Application", "{A40D3E12-B6C9-4413-B000-9E3E9F8A881C}"
EndProject
Project("{2150E333-8FDC-42A3-9474-1A3956D46DE8}") = "Domain", "Domain", "{F2480415-2E28-4058-BA5A-235926B66BED}"
EndProject
Project("{2150E333-8FDC-42A3-9474-1A3956D46DE8}") = "Persistence", "Persistence", "{A00C36E4-DDAC-4379-AB32-6978E638E8C7}"
EndProject
Project("{2150E333-8FDC-42A3-9474-1A3956D46DE8}") = "Apis", "Apis", "{E31DFA26-B064-4759-9567-FC071CFFF0A2}"
EndProject
Project("{2150E333-8FDC-42A3-9474-1A3956D46DE8}") = "Application", "Application", "{4FF09F4F-963E-4A31-849F-6632476A87FE}"
EndProject
Project("{2150E333-8FDC-42A3-9474-1A3956D46DE8}") = "Domain", "Domain", "{41F0511D-321D-40E1-8DD2-BDE327DF16E6}"
EndProject
Project("{2150E333-8FDC-42A3-9474-1A3956D46DE8}") = "Persistence", "Persistence", "{DB7F8BC1-C11C-48D7-A61A-C452FF126AA1}"
EndProject
Project("{9A19103F-16F7-4668-BE54-9A1E7A4F7556}") = "BoletoBus_CleanModular.Common.Data", "BoletoBus_CleanModular.Common.Data\BoletoBus_CleanModular.Common.Data.csproj", "{963AD789-2EB5-4D1E-9F11-93E5077EE9B0}"
EndProject
Project("{9A19103F-16F7-4668-BE54-9A1E7A4F7556}") = "BoletosBus_CleanModular.Infraestructure", "BoletosBus_CleanModular.Infraestructure\BoletosBus_CleanModular.Infraestructure.csproj", "{4A2096CA-5592-470D-A8F9-0FBA37B945B6}"
EndProject
Project("{9A19103F-16F7-4668-BE54-9A1E7A4F7556}") = "BoletosBus_CleanModular.Asiento.Api", "BoletosBus_CleanModular.Asiento.Api\BoletosBus_CleanModular.Asiento.Api.csproj", "{DC678578-DAB4-437A-B023-C91FD8727EAA}"
EndProject
Project("{9A19103F-16F7-4668-BE54-9A1E7A4F7556}") = "BoletosBus_CleanModular.Asiento.Application", "BoletosBus_CleanModular.Asiento.Application\BoletosBus_CleanModular.Asiento.Application.csproj", "{CF7D910E-FB70-4972-8845-48131D6075BC}"
EndProject
Project("{9A19103F-16F7-4668-BE54-9A1E7A4F7556}") = "BoletoBus_CleanModular.Asiento.Domain", "BoletoBus_CleanModular.Asiento.Domain\BoletoBus_CleanModular.Asiento.Domain.csproj", "{DFD4EB8E-4C3D-45E3-B583-49C4B0875E0E}"
EndProject
Project("{9A19103F-16F7-4668-BE54-9A1E7A4F7556}") = "BoletoBus_CleanModular.Asiento.Persistence", "BoletoBus_CleanModular.Asiento.Persistence\BoletoBus_CleanModular.Asiento.Persistence.csproj", "{6BAFDEAC-231B-49D9-8677-4C62E38CB9BF}"
EndProject
Project("{9A19103F-16F7-4668-BE54-9A1E7A4F7556}") = "BoletoBus_CleanModular.Bus.Api", "BoletoBus_CleanModular.Bus.Api\BoletoBus_CleanModular.Bus.Api.csproj", "{48DC644B-CD2C-4301-8994-2889782A2597}"
EndProject
Project("{9A19103F-16F7-4668-BE54-9A1E7A4F7556}") = "BoletoBus_CleanModular.Bus.Application", "BoletoBus_CleanModular.Bus.Application\BoletoBus_CleanModular.Bus.Application.csproj", "{DFB82214-E4D6-4B3B-8217-F41915A05F5C}"
EndProject
Project("{9A19103F-16F7-4668-BE54-9A1E7A4F7556}") = "BoletoBus_CleanModular.Bus.Domain", "BoletoBus_CleanModular.Bus.Domain\BoletoBus_CleanModular.Bus.Domain.csproj", "{B1B4BB7F-B68E-4999-A05A-B8298ABF2E17}"
EndProject
Project("{9A19103F-16F7-4668-BE54-9A1E7A4F7556}") = "BoletoBus_CleanModular.Bus.Persistence", "BoletoBus_CleanModular.Bus.Persistence\BoletoBus_CleanModular.Bus.Persistence.csproj", "{39A96FED-5888-475D-85DD-5EF77D5DEB5B}"
EndProject
Project("{9A19103F-16F7-4668-BE54-9A1E7A4F7556}") = "BoletoBus_CleanModular.Cliente.Api", "BoletoBus_CleanModular.Cliente.Api\BoletoBus_CleanModular.Cliente.Api.csproj", "{D9B77486-8963-4AE0-8B0C-039D46A5780E}"
EndProject
Project("{9A19103F-16F7-4668-BE54-9A1E7A4F7556}") = "BoletoBus_CleanModular.Cliente.Application", "BoletoBus_CleanModular.Cliente.Application\BoletoBus_CleanModular.Cliente.Application.csproj", "{18024FC3-924D-4FC0-8F48-378123C00507}"
EndProject
Project("{9A19103F-16F7-4668-BE54-9A1E7A4F7556}") = "BoletoBus_CleanModular.Cliente.Domain", "BoletoBus_CleanModular.Cliente.Domain\BoletoBus_CleanModular.Cliente.Domain.csproj", "{0356E774-93EC-493C-82FF-21D6E6E648C3}"
EndProject
Project("{9A19103F-16F7-4668-BE54-9A1E7A4F7556}") = "BoletoBus_CleanModular.Cliente.Persistence", "BoletoBus_CleanModular.Cliente.Persistence\BoletoBus_CleanModular.Cliente.Persistence.csproj", "{6AA5563D-5B94-4FEC-A212-690339B9E63B}"
EndProject
Project("{2150E333-8FDC-42A3-9474-1A3956D46DE8}") = "IOC", "IOC", "{811B398A-B035-4909-87DA-1AFE677710E3}"
EndProject
Project("{FAE04EC0-301F-11D3-BF4B-00C04F79EFBC}") = "BoletoBus_CleanModular.Asiento.IOC", "BoletoBus_CleanModular.Asiento.IOC\BoletoBus_CleanModular.Asiento.IOC.csproj", "{23BB7814-B8AF-4CC6-A580-9C0BA07EB356}"
EndProject
Project("{2150E333-8FDC-42A3-9474-1A3956D46DE8}") = "IOC", "IOC", "{9068FB08-CDAD-479E-89D2-112EA1DDFD1B}"
EndProject
Project("{2150E333-8FDC-42A3-9474-1A3956D46DE8}") = "IOC", "IOC", "{B20AE86E-66FE-495B-9A5D-7112A9F8B86A}"
EndProject
Project("{FAE04EC0-301F-11D3-BF4B-00C04F79EFBC}") = "BoletoBus_CleanModular.Bus.IOC", "BoletoBus_CleanModular.Bus.IOC\BoletoBus_CleanModular.Bus.IOC.csproj", "{DDD65361-E13B-455A-B796-C6022681BCC9}"
EndProject
Project("{FAE04EC0-301F-11D3-BF4B-00C04F79EFBC}") = "BoletoBus_CleanModular.Cliente.IOC", "BoletoBus_CleanModular.Cliente.IOC\BoletoBus_CleanModular.Cliente.IOC.csproj", "{01F10C43-B79D-4E21-BD66-2C7A3278EB37}"
EndProject
Global
	GlobalSection(SolutionConfigurationPlatforms) = preSolution
		Debug|Any CPU = Debug|Any CPU
		Release|Any CPU = Release|Any CPU
	EndGlobalSection
	GlobalSection(ProjectConfigurationPlatforms) = postSolution
		{963AD789-2EB5-4D1E-9F11-93E5077EE9B0}.Debug|Any CPU.ActiveCfg = Debug|Any CPU
		{963AD789-2EB5-4D1E-9F11-93E5077EE9B0}.Debug|Any CPU.Build.0 = Debug|Any CPU
		{963AD789-2EB5-4D1E-9F11-93E5077EE9B0}.Release|Any CPU.ActiveCfg = Release|Any CPU
		{963AD789-2EB5-4D1E-9F11-93E5077EE9B0}.Release|Any CPU.Build.0 = Release|Any CPU
		{4A2096CA-5592-470D-A8F9-0FBA37B945B6}.Debug|Any CPU.ActiveCfg = Debug|Any CPU
		{4A2096CA-5592-470D-A8F9-0FBA37B945B6}.Debug|Any CPU.Build.0 = Debug|Any CPU
		{4A2096CA-5592-470D-A8F9-0FBA37B945B6}.Release|Any CPU.ActiveCfg = Release|Any CPU
		{4A2096CA-5592-470D-A8F9-0FBA37B945B6}.Release|Any CPU.Build.0 = Release|Any CPU
		{DC678578-DAB4-437A-B023-C91FD8727EAA}.Debug|Any CPU.ActiveCfg = Debug|Any CPU
		{DC678578-DAB4-437A-B023-C91FD8727EAA}.Debug|Any CPU.Build.0 = Debug|Any CPU
		{DC678578-DAB4-437A-B023-C91FD8727EAA}.Release|Any CPU.ActiveCfg = Release|Any CPU
		{DC678578-DAB4-437A-B023-C91FD8727EAA}.Release|Any CPU.Build.0 = Release|Any CPU
		{CF7D910E-FB70-4972-8845-48131D6075BC}.Debug|Any CPU.ActiveCfg = Debug|Any CPU
		{CF7D910E-FB70-4972-8845-48131D6075BC}.Debug|Any CPU.Build.0 = Debug|Any CPU
		{CF7D910E-FB70-4972-8845-48131D6075BC}.Release|Any CPU.ActiveCfg = Release|Any CPU
		{CF7D910E-FB70-4972-8845-48131D6075BC}.Release|Any CPU.Build.0 = Release|Any CPU
		{DFD4EB8E-4C3D-45E3-B583-49C4B0875E0E}.Debug|Any CPU.ActiveCfg = Debug|Any CPU
		{DFD4EB8E-4C3D-45E3-B583-49C4B0875E0E}.Debug|Any CPU.Build.0 = Debug|Any CPU
		{DFD4EB8E-4C3D-45E3-B583-49C4B0875E0E}.Release|Any CPU.ActiveCfg = Release|Any CPU
		{DFD4EB8E-4C3D-45E3-B583-49C4B0875E0E}.Release|Any CPU.Build.0 = Release|Any CPU
		{6BAFDEAC-231B-49D9-8677-4C62E38CB9BF}.Debug|Any CPU.ActiveCfg = Debug|Any CPU
		{6BAFDEAC-231B-49D9-8677-4C62E38CB9BF}.Debug|Any CPU.Build.0 = Debug|Any CPU
		{6BAFDEAC-231B-49D9-8677-4C62E38CB9BF}.Release|Any CPU.ActiveCfg = Release|Any CPU
		{6BAFDEAC-231B-49D9-8677-4C62E38CB9BF}.Release|Any CPU.Build.0 = Release|Any CPU
		{48DC644B-CD2C-4301-8994-2889782A2597}.Debug|Any CPU.ActiveCfg = Debug|Any CPU
		{48DC644B-CD2C-4301-8994-2889782A2597}.Debug|Any CPU.Build.0 = Debug|Any CPU
		{48DC644B-CD2C-4301-8994-2889782A2597}.Release|Any CPU.ActiveCfg = Release|Any CPU
		{48DC644B-CD2C-4301-8994-2889782A2597}.Release|Any CPU.Build.0 = Release|Any CPU
		{DFB82214-E4D6-4B3B-8217-F41915A05F5C}.Debug|Any CPU.ActiveCfg = Debug|Any CPU
		{DFB82214-E4D6-4B3B-8217-F41915A05F5C}.Debug|Any CPU.Build.0 = Debug|Any CPU
		{DFB82214-E4D6-4B3B-8217-F41915A05F5C}.Release|Any CPU.ActiveCfg = Release|Any CPU
		{DFB82214-E4D6-4B3B-8217-F41915A05F5C}.Release|Any CPU.Build.0 = Release|Any CPU
		{B1B4BB7F-B68E-4999-A05A-B8298ABF2E17}.Debug|Any CPU.ActiveCfg = Debug|Any CPU
		{B1B4BB7F-B68E-4999-A05A-B8298ABF2E17}.Debug|Any CPU.Build.0 = Debug|Any CPU
		{B1B4BB7F-B68E-4999-A05A-B8298ABF2E17}.Release|Any CPU.ActiveCfg = Release|Any CPU
		{B1B4BB7F-B68E-4999-A05A-B8298ABF2E17}.Release|Any CPU.Build.0 = Release|Any CPU
		{39A96FED-5888-475D-85DD-5EF77D5DEB5B}.Debug|Any CPU.ActiveCfg = Debug|Any CPU
		{39A96FED-5888-475D-85DD-5EF77D5DEB5B}.Debug|Any CPU.Build.0 = Debug|Any CPU
		{39A96FED-5888-475D-85DD-5EF77D5DEB5B}.Release|Any CPU.ActiveCfg = Release|Any CPU
		{39A96FED-5888-475D-85DD-5EF77D5DEB5B}.Release|Any CPU.Build.0 = Release|Any CPU
		{D9B77486-8963-4AE0-8B0C-039D46A5780E}.Debug|Any CPU.ActiveCfg = Debug|Any CPU
		{D9B77486-8963-4AE0-8B0C-039D46A5780E}.Debug|Any CPU.Build.0 = Debug|Any CPU
		{D9B77486-8963-4AE0-8B0C-039D46A5780E}.Release|Any CPU.ActiveCfg = Release|Any CPU
		{D9B77486-8963-4AE0-8B0C-039D46A5780E}.Release|Any CPU.Build.0 = Release|Any CPU
		{18024FC3-924D-4FC0-8F48-378123C00507}.Debug|Any CPU.ActiveCfg = Debug|Any CPU
		{18024FC3-924D-4FC0-8F48-378123C00507}.Debug|Any CPU.Build.0 = Debug|Any CPU
		{18024FC3-924D-4FC0-8F48-378123C00507}.Release|Any CPU.ActiveCfg = Release|Any CPU
		{18024FC3-924D-4FC0-8F48-378123C00507}.Release|Any CPU.Build.0 = Release|Any CPU
		{0356E774-93EC-493C-82FF-21D6E6E648C3}.Debug|Any CPU.ActiveCfg = Debug|Any CPU
		{0356E774-93EC-493C-82FF-21D6E6E648C3}.Debug|Any CPU.Build.0 = Debug|Any CPU
		{0356E774-93EC-493C-82FF-21D6E6E648C3}.Release|Any CPU.ActiveCfg = Release|Any CPU
		{0356E774-93EC-493C-82FF-21D6E6E648C3}.Release|Any CPU.Build.0 = Release|Any CPU
		{6AA5563D-5B94-4FEC-A212-690339B9E63B}.Debug|Any CPU.ActiveCfg = Debug|Any CPU
		{6AA5563D-5B94-4FEC-A212-690339B9E63B}.Debug|Any CPU.Build.0 = Debug|Any CPU
		{6AA5563D-5B94-4FEC-A212-690339B9E63B}.Release|Any CPU.ActiveCfg = Release|Any CPU
		{6AA5563D-5B94-4FEC-A212-690339B9E63B}.Release|Any CPU.Build.0 = Release|Any CPU
		{23BB7814-B8AF-4CC6-A580-9C0BA07EB356}.Debug|Any CPU.ActiveCfg = Debug|Any CPU
		{23BB7814-B8AF-4CC6-A580-9C0BA07EB356}.Debug|Any CPU.Build.0 = Debug|Any CPU
		{23BB7814-B8AF-4CC6-A580-9C0BA07EB356}.Release|Any CPU.ActiveCfg = Release|Any CPU
		{23BB7814-B8AF-4CC6-A580-9C0BA07EB356}.Release|Any CPU.Build.0 = Release|Any CPU
		{DDD65361-E13B-455A-B796-C6022681BCC9}.Debug|Any CPU.ActiveCfg = Debug|Any CPU
		{DDD65361-E13B-455A-B796-C6022681BCC9}.Debug|Any CPU.Build.0 = Debug|Any CPU
		{DDD65361-E13B-455A-B796-C6022681BCC9}.Release|Any CPU.ActiveCfg = Release|Any CPU
		{DDD65361-E13B-455A-B796-C6022681BCC9}.Release|Any CPU.Build.0 = Release|Any CPU
		{01F10C43-B79D-4E21-BD66-2C7A3278EB37}.Debug|Any CPU.ActiveCfg = Debug|Any CPU
		{01F10C43-B79D-4E21-BD66-2C7A3278EB37}.Debug|Any CPU.Build.0 = Debug|Any CPU
		{01F10C43-B79D-4E21-BD66-2C7A3278EB37}.Release|Any CPU.ActiveCfg = Release|Any CPU
		{01F10C43-B79D-4E21-BD66-2C7A3278EB37}.Release|Any CPU.Build.0 = Release|Any CPU
	EndGlobalSection
	GlobalSection(SolutionProperties) = preSolution
		HideSolutionNode = FALSE
	EndGlobalSection
	GlobalSection(NestedProjects) = preSolution
		{86FDF83D-F9F2-4D22-AB79-0BB9E6E823F6} = {F17F6754-8DC8-4E56-8453-72E251F62B92}
		{027BB8B8-61BE-409C-AC57-ECDD30D44A2B} = {F17F6754-8DC8-4E56-8453-72E251F62B92}
		{314E1258-1EDA-42DD-9567-CD749F6A4322} = {86FDF83D-F9F2-4D22-AB79-0BB9E6E823F6}
		{73C2235D-59E5-4997-BE7C-2123D4980660} = {86FDF83D-F9F2-4D22-AB79-0BB9E6E823F6}
		{AB576FDD-7D3D-422E-BB87-4F0567624A4B} = {86FDF83D-F9F2-4D22-AB79-0BB9E6E823F6}
		{78179BE8-3082-415A-BBAD-7B8C88D8C326} = {AB576FDD-7D3D-422E-BB87-4F0567624A4B}
		{38F76B82-3538-4094-A330-6600FFD4E46B} = {AB576FDD-7D3D-422E-BB87-4F0567624A4B}
		{5CBFF383-0340-4179-8A18-F90CB9287F14} = {AB576FDD-7D3D-422E-BB87-4F0567624A4B}
		{2B70D694-A9A3-4950-833A-49628C6320C9} = {78179BE8-3082-415A-BBAD-7B8C88D8C326}
		{8B9FE101-29A2-4D2B-BF8A-7ED72639DCD7} = {78179BE8-3082-415A-BBAD-7B8C88D8C326}
		{E6EFB162-E152-4BE2-A761-A4EE35824308} = {78179BE8-3082-415A-BBAD-7B8C88D8C326}
		{2BDA7923-823D-46E3-85ED-6D793BB18A9F} = {78179BE8-3082-415A-BBAD-7B8C88D8C326}
		{4300EDC4-0671-464E-8CB4-94AA017F8331} = {38F76B82-3538-4094-A330-6600FFD4E46B}
		{A40D3E12-B6C9-4413-B000-9E3E9F8A881C} = {38F76B82-3538-4094-A330-6600FFD4E46B}
		{F2480415-2E28-4058-BA5A-235926B66BED} = {38F76B82-3538-4094-A330-6600FFD4E46B}
		{A00C36E4-DDAC-4379-AB32-6978E638E8C7} = {38F76B82-3538-4094-A330-6600FFD4E46B}
		{E31DFA26-B064-4759-9567-FC071CFFF0A2} = {5CBFF383-0340-4179-8A18-F90CB9287F14}
		{4FF09F4F-963E-4A31-849F-6632476A87FE} = {5CBFF383-0340-4179-8A18-F90CB9287F14}
		{41F0511D-321D-40E1-8DD2-BDE327DF16E6} = {5CBFF383-0340-4179-8A18-F90CB9287F14}
		{DB7F8BC1-C11C-48D7-A61A-C452FF126AA1} = {5CBFF383-0340-4179-8A18-F90CB9287F14}
		{963AD789-2EB5-4D1E-9F11-93E5077EE9B0} = {314E1258-1EDA-42DD-9567-CD749F6A4322}
		{4A2096CA-5592-470D-A8F9-0FBA37B945B6} = {73C2235D-59E5-4997-BE7C-2123D4980660}
		{DC678578-DAB4-437A-B023-C91FD8727EAA} = {2B70D694-A9A3-4950-833A-49628C6320C9}
		{CF7D910E-FB70-4972-8845-48131D6075BC} = {8B9FE101-29A2-4D2B-BF8A-7ED72639DCD7}
		{DFD4EB8E-4C3D-45E3-B583-49C4B0875E0E} = {E6EFB162-E152-4BE2-A761-A4EE35824308}
		{6BAFDEAC-231B-49D9-8677-4C62E38CB9BF} = {2BDA7923-823D-46E3-85ED-6D793BB18A9F}
		{48DC644B-CD2C-4301-8994-2889782A2597} = {4300EDC4-0671-464E-8CB4-94AA017F8331}
		{DFB82214-E4D6-4B3B-8217-F41915A05F5C} = {A40D3E12-B6C9-4413-B000-9E3E9F8A881C}
		{B1B4BB7F-B68E-4999-A05A-B8298ABF2E17} = {F2480415-2E28-4058-BA5A-235926B66BED}
		{39A96FED-5888-475D-85DD-5EF77D5DEB5B} = {A00C36E4-DDAC-4379-AB32-6978E638E8C7}
		{D9B77486-8963-4AE0-8B0C-039D46A5780E} = {E31DFA26-B064-4759-9567-FC071CFFF0A2}
		{18024FC3-924D-4FC0-8F48-378123C00507} = {4FF09F4F-963E-4A31-849F-6632476A87FE}
		{0356E774-93EC-493C-82FF-21D6E6E648C3} = {41F0511D-321D-40E1-8DD2-BDE327DF16E6}
		{6AA5563D-5B94-4FEC-A212-690339B9E63B} = {DB7F8BC1-C11C-48D7-A61A-C452FF126AA1}
		{811B398A-B035-4909-87DA-1AFE677710E3} = {78179BE8-3082-415A-BBAD-7B8C88D8C326}
		{23BB7814-B8AF-4CC6-A580-9C0BA07EB356} = {811B398A-B035-4909-87DA-1AFE677710E3}
		{9068FB08-CDAD-479E-89D2-112EA1DDFD1B} = {38F76B82-3538-4094-A330-6600FFD4E46B}
		{B20AE86E-66FE-495B-9A5D-7112A9F8B86A} = {5CBFF383-0340-4179-8A18-F90CB9287F14}
		{DDD65361-E13B-455A-B796-C6022681BCC9} = {9068FB08-CDAD-479E-89D2-112EA1DDFD1B}
		{01F10C43-B79D-4E21-BD66-2C7A3278EB37} = {B20AE86E-66FE-495B-9A5D-7112A9F8B86A}
	EndGlobalSection
	GlobalSection(ExtensibilityGlobals) = postSolution
		SolutionGuid = {9C9D6F27-25ED-4F71-AED9-19655742DF39}
	EndGlobalSection
EndGlobal
